
Microsoft Visual Studio Solution File, Format Version 12.00
# Visual Studio Version 16
VisualStudioVersion = 16.0.32228.343
MinimumVisualStudioVersion = 10.0.40219.1
Project("{FAE04EC0-301F-11D3-BF4B-00C04F79EFBC}") = "JBLStore", "JBLStore.csproj", "{DA372A41-5641-4ACF-B224-438AF0236496}"
EndProject
Global
	GlobalSection(SolutionConfigurationPlatforms) = preSolution
		Debug|Any CPU = Debug|Any CPU
		Release|Any CPU = Release|Any CPU
	EndGlobalSection
	GlobalSection(ProjectConfigurationPlatforms) = postSolution
		{DA372A41-5641-4ACF-B224-438AF0236496}.Debug|Any CPU.ActiveCfg = Debug|Any CPU
		{DA372A41-5641-4ACF-B224-438AF0236496}.Debug|Any CPU.Build.0 = Debug|Any CPU
		{DA372A41-5641-4ACF-B224-438AF0236496}.Release|Any CPU.ActiveCfg = Release|Any CPU
		{DA372A41-5641-4ACF-B224-438AF0236496}.Release|Any CPU.Build.0 = Release|Any CPU
	EndGlobalSection
	GlobalSection(SolutionProperties) = preSolution
		HideSolutionNode = FALSE
	EndGlobalSection
	GlobalSection(ExtensibilityGlobals) = postSolution
		SolutionGuid = {C11190BF-7C34-4C68-9429-54C78B1232C1}
	EndGlobalSection
EndGlobal
